
Microsoft Visual Studio Solution File, Format Version 12.00
# Visual Studio Version 16
VisualStudioVersion = 16.0.29709.97
MinimumVisualStudioVersion = 15.0.26124.0
Project("{9A19103F-16F7-4668-BE54-9A1E7A4F7556}") = "Domain", "src\Domain\Domain.csproj", "{5E358292-D59C-4A6A-9867-7266BE6396E4}"
EndProject
Project("{9A19103F-16F7-4668-BE54-9A1E7A4F7556}") = "Infrastructure", "src\Infrastructure\Infrastructure.csproj", "{21A5F34B-7AE6-47CD-86D7-B0D6E19337BE}"
EndProject
Project("{2150E333-8FDC-42A3-9474-1A3956D46DE8}") = "tests", "tests", "{D402A373-A352-4299-A872-613290FAD949}"
EndProject
Project("{9A19103F-16F7-4668-BE54-9A1E7A4F7556}") = "DomainTests", "tests\DomainTests\DomainTests.csproj", "{6F3D811B-3C85-4243-9DF4-5D8025766377}"
EndProject
Project("{9A19103F-16F7-4668-BE54-9A1E7A4F7556}") = "IntegrationTests", "tests\IntegrationTests\IntegrationTests.csproj", "{9D9AED72-FBB1-4337-A635-2DC991DEFBAE}"
EndProject
Project("{FAE04EC0-301F-11D3-BF4B-00C04F79EFBC}") = "Enfo.WebApp", "src\Enfo.WebApp\Enfo.WebApp.csproj", "{7FC28873-402B-4FB1-BC21-45C9EC26EE6F}"
EndProject
Project("{FAE04EC0-301F-11D3-BF4B-00C04F79EFBC}") = "WebAppTests", "tests\WebAppTests\WebAppTests.csproj", "{CA58B5AE-895D-4443-A0E4-876DAFAF5654}"
EndProject
Project("{FAE04EC0-301F-11D3-BF4B-00C04F79EFBC}") = "TestHelpers", "tests\TestHelpers\TestHelpers.csproj", "{A285CCF0-C9CC-4140-BAFC-2D38563C5F98}"
EndProject
Project("{FAE04EC0-301F-11D3-BF4B-00C04F79EFBC}") = "LocalRepository", "src\LocalRepository\LocalRepository.csproj", "{A3A6DB1A-2E19-49D8-BE93-7423928DC698}"
EndProject
Project("{FAE04EC0-301F-11D3-BF4B-00C04F79EFBC}") = "LocalRepositoryTests", "tests\LocalRepositoryTests\LocalRepositoryTests.csproj", "{C53D4E0C-17F1-4003-BA3F-134F929FFE1E}"
EndProject
Global
	GlobalSection(SolutionConfigurationPlatforms) = preSolution
		Debug|Any CPU = Debug|Any CPU
		Release|Any CPU = Release|Any CPU
	EndGlobalSection
	GlobalSection(ProjectConfigurationPlatforms) = postSolution
		{5E358292-D59C-4A6A-9867-7266BE6396E4}.Debug|Any CPU.ActiveCfg = Debug|Any CPU
		{5E358292-D59C-4A6A-9867-7266BE6396E4}.Debug|Any CPU.Build.0 = Debug|Any CPU
		{5E358292-D59C-4A6A-9867-7266BE6396E4}.Release|Any CPU.ActiveCfg = Release|Any CPU
		{5E358292-D59C-4A6A-9867-7266BE6396E4}.Release|Any CPU.Build.0 = Release|Any CPU
		{21A5F34B-7AE6-47CD-86D7-B0D6E19337BE}.Debug|Any CPU.ActiveCfg = Debug|Any CPU
		{21A5F34B-7AE6-47CD-86D7-B0D6E19337BE}.Debug|Any CPU.Build.0 = Debug|Any CPU
		{21A5F34B-7AE6-47CD-86D7-B0D6E19337BE}.Release|Any CPU.ActiveCfg = Release|Any CPU
		{21A5F34B-7AE6-47CD-86D7-B0D6E19337BE}.Release|Any CPU.Build.0 = Release|Any CPU
		{6F3D811B-3C85-4243-9DF4-5D8025766377}.Debug|Any CPU.ActiveCfg = Debug|Any CPU
		{6F3D811B-3C85-4243-9DF4-5D8025766377}.Debug|Any CPU.Build.0 = Debug|Any CPU
		{6F3D811B-3C85-4243-9DF4-5D8025766377}.Release|Any CPU.ActiveCfg = Release|Any CPU
		{6F3D811B-3C85-4243-9DF4-5D8025766377}.Release|Any CPU.Build.0 = Release|Any CPU
		{9D9AED72-FBB1-4337-A635-2DC991DEFBAE}.Debug|Any CPU.ActiveCfg = Debug|Any CPU
		{9D9AED72-FBB1-4337-A635-2DC991DEFBAE}.Debug|Any CPU.Build.0 = Debug|Any CPU
		{9D9AED72-FBB1-4337-A635-2DC991DEFBAE}.Release|Any CPU.ActiveCfg = Release|Any CPU
		{9D9AED72-FBB1-4337-A635-2DC991DEFBAE}.Release|Any CPU.Build.0 = Release|Any CPU
		{7FC28873-402B-4FB1-BC21-45C9EC26EE6F}.Debug|Any CPU.ActiveCfg = Debug|Any CPU
		{7FC28873-402B-4FB1-BC21-45C9EC26EE6F}.Debug|Any CPU.Build.0 = Debug|Any CPU
		{7FC28873-402B-4FB1-BC21-45C9EC26EE6F}.Release|Any CPU.ActiveCfg = Release|Any CPU
		{7FC28873-402B-4FB1-BC21-45C9EC26EE6F}.Release|Any CPU.Build.0 = Release|Any CPU
		{CA58B5AE-895D-4443-A0E4-876DAFAF5654}.Debug|Any CPU.ActiveCfg = Debug|Any CPU
		{CA58B5AE-895D-4443-A0E4-876DAFAF5654}.Debug|Any CPU.Build.0 = Debug|Any CPU
		{CA58B5AE-895D-4443-A0E4-876DAFAF5654}.Release|Any CPU.ActiveCfg = Release|Any CPU
		{CA58B5AE-895D-4443-A0E4-876DAFAF5654}.Release|Any CPU.Build.0 = Release|Any CPU
		{A285CCF0-C9CC-4140-BAFC-2D38563C5F98}.Debug|Any CPU.ActiveCfg = Debug|Any CPU
		{A285CCF0-C9CC-4140-BAFC-2D38563C5F98}.Debug|Any CPU.Build.0 = Debug|Any CPU
		{A285CCF0-C9CC-4140-BAFC-2D38563C5F98}.Release|Any CPU.ActiveCfg = Release|Any CPU
		{A285CCF0-C9CC-4140-BAFC-2D38563C5F98}.Release|Any CPU.Build.0 = Release|Any CPU
		{A3A6DB1A-2E19-49D8-BE93-7423928DC698}.Debug|Any CPU.ActiveCfg = Debug|Any CPU
		{A3A6DB1A-2E19-49D8-BE93-7423928DC698}.Debug|Any CPU.Build.0 = Debug|Any CPU
		{A3A6DB1A-2E19-49D8-BE93-7423928DC698}.Release|Any CPU.ActiveCfg = Release|Any CPU
		{A3A6DB1A-2E19-49D8-BE93-7423928DC698}.Release|Any CPU.Build.0 = Release|Any CPU
		{C53D4E0C-17F1-4003-BA3F-134F929FFE1E}.Debug|Any CPU.ActiveCfg = Debug|Any CPU
		{C53D4E0C-17F1-4003-BA3F-134F929FFE1E}.Debug|Any CPU.Build.0 = Debug|Any CPU
		{C53D4E0C-17F1-4003-BA3F-134F929FFE1E}.Release|Any CPU.ActiveCfg = Release|Any CPU
		{C53D4E0C-17F1-4003-BA3F-134F929FFE1E}.Release|Any CPU.Build.0 = Release|Any CPU
	EndGlobalSection
	GlobalSection(SolutionProperties) = preSolution
		HideSolutionNode = FALSE
	EndGlobalSection
	GlobalSection(NestedProjects) = preSolution
		{6F3D811B-3C85-4243-9DF4-5D8025766377} = {D402A373-A352-4299-A872-613290FAD949}
		{9D9AED72-FBB1-4337-A635-2DC991DEFBAE} = {D402A373-A352-4299-A872-613290FAD949}
		{CA58B5AE-895D-4443-A0E4-876DAFAF5654} = {D402A373-A352-4299-A872-613290FAD949}
		{A285CCF0-C9CC-4140-BAFC-2D38563C5F98} = {D402A373-A352-4299-A872-613290FAD949}
		{C53D4E0C-17F1-4003-BA3F-134F929FFE1E} = {D402A373-A352-4299-A872-613290FAD949}
	EndGlobalSection
	GlobalSection(ExtensibilityGlobals) = postSolution
		SolutionGuid = {4D94C33A-A18E-4259-8832-482278EA60EE}
	EndGlobalSection
EndGlobal
